// !$*UTF8*$!
{
	archiveVersion = 1;
	classes = {
	};
	objectVersion = 46;
	objects = {

/* Begin PBXBuildFile section */
		61271C101E6B23B100781C6A /* FlickrServiceParsers.swift in Sources */ = {isa = PBXBuildFile; fileRef = 61271C0F1E6B23B100781C6A /* FlickrServiceParsers.swift */; };
		61271C121E6B254A00781C6A /* NotificationManager.swift in Sources */ = {isa = PBXBuildFile; fileRef = 61271C111E6B254A00781C6A /* NotificationManager.swift */; };
		61271C141E6B318000781C6A /* ErrorHandling.swift in Sources */ = {isa = PBXBuildFile; fileRef = 61271C131E6B318000781C6A /* ErrorHandling.swift */; };
		61271C161E6B393300781C6A /* ServiceGetPhotoById.swift in Sources */ = {isa = PBXBuildFile; fileRef = 61271C151E6B393300781C6A /* ServiceGetPhotoById.swift */; };
		61271C181E6B52B600781C6A /* TableViewDataManager.swift in Sources */ = {isa = PBXBuildFile; fileRef = 61271C171E6B52B600781C6A /* TableViewDataManager.swift */; };
		61E106B81E69C5F2002C6836 /* AppDelegate.swift in Sources */ = {isa = PBXBuildFile; fileRef = 61E106B71E69C5F2002C6836 /* AppDelegate.swift */; };
		61E106BA1E69C5F2002C6836 /* ViewController.swift in Sources */ = {isa = PBXBuildFile; fileRef = 61E106B91E69C5F2002C6836 /* ViewController.swift */; };
		61E106BD1E69C5F2002C6836 /* Main.storyboard in Resources */ = {isa = PBXBuildFile; fileRef = 61E106BB1E69C5F2002C6836 /* Main.storyboard */; };
		61E106BF1E69C5F3002C6836 /* Assets.xcassets in Resources */ = {isa = PBXBuildFile; fileRef = 61E106BE1E69C5F3002C6836 /* Assets.xcassets */; };
		61E106C21E69C5F3002C6836 /* LaunchScreen.storyboard in Resources */ = {isa = PBXBuildFile; fileRef = 61E106C01E69C5F3002C6836 /* LaunchScreen.storyboard */; };
		61E106D61E69D657002C6836 /* FlickrAPIConstants.swift in Sources */ = {isa = PBXBuildFile; fileRef = 61E106D51E69D657002C6836 /* FlickrAPIConstants.swift */; };
		61E106D81E69D6E8002C6836 /* ServiceGetPhotosByUser.swift in Sources */ = {isa = PBXBuildFile; fileRef = 61E106D71E69D6E8002C6836 /* ServiceGetPhotosByUser.swift */; };
		61E106DA1E69DCA3002C6836 /* UserPhotoObject.swift in Sources */ = {isa = PBXBuildFile; fileRef = 61E106D91E69DCA3002C6836 /* UserPhotoObject.swift */; };
		61E106DE1E69DF79002C6836 /* PhotoObject.swift in Sources */ = {isa = PBXBuildFile; fileRef = 61E106DD1E69DF79002C6836 /* PhotoObject.swift */; };
/* End PBXBuildFile section */

/* Begin PBXFileReference section */
		61271C0F1E6B23B100781C6A /* FlickrServiceParsers.swift */ = {isa = PBXFileReference; fileEncoding = 4; lastKnownFileType = sourcecode.swift; path = FlickrServiceParsers.swift; sourceTree = "<group>"; };
		61271C111E6B254A00781C6A /* NotificationManager.swift */ = {isa = PBXFileReference; fileEncoding = 4; lastKnownFileType = sourcecode.swift; path = NotificationManager.swift; sourceTree = "<group>"; };
		61271C131E6B318000781C6A /* ErrorHandling.swift */ = {isa = PBXFileReference; fileEncoding = 4; lastKnownFileType = sourcecode.swift; path = ErrorHandling.swift; sourceTree = "<group>"; };
		61271C151E6B393300781C6A /* ServiceGetPhotoById.swift */ = {isa = PBXFileReference; fileEncoding = 4; lastKnownFileType = sourcecode.swift; path = ServiceGetPhotoById.swift; sourceTree = "<group>"; };
		61271C171E6B52B600781C6A /* TableViewDataManager.swift */ = {isa = PBXFileReference; fileEncoding = 4; lastKnownFileType = sourcecode.swift; path = TableViewDataManager.swift; sourceTree = "<group>"; };
		61E106B41E69C5F2002C6836 /* MyFlickrApp.app */ = {isa = PBXFileReference; explicitFileType = wrapper.application; includeInIndex = 0; path = MyFlickrApp.app; sourceTree = BUILT_PRODUCTS_DIR; };
		61E106B71E69C5F2002C6836 /* AppDelegate.swift */ = {isa = PBXFileReference; lastKnownFileType = sourcecode.swift; path = AppDelegate.swift; sourceTree = "<group>"; };
		61E106B91E69C5F2002C6836 /* ViewController.swift */ = {isa = PBXFileReference; lastKnownFileType = sourcecode.swift; path = ViewController.swift; sourceTree = "<group>"; };
		61E106BC1E69C5F2002C6836 /* Base */ = {isa = PBXFileReference; lastKnownFileType = file.storyboard; name = Base; path = Base.lproj/Main.storyboard; sourceTree = "<group>"; };
		61E106BE1E69C5F3002C6836 /* Assets.xcassets */ = {isa = PBXFileReference; lastKnownFileType = folder.assetcatalog; path = Assets.xcassets; sourceTree = "<group>"; };
		61E106C11E69C5F3002C6836 /* Base */ = {isa = PBXFileReference; lastKnownFileType = file.storyboard; name = Base; path = Base.lproj/LaunchScreen.storyboard; sourceTree = "<group>"; };
		61E106C31E69C5F3002C6836 /* Info.plist */ = {isa = PBXFileReference; lastKnownFileType = text.plist.xml; path = Info.plist; sourceTree = "<group>"; };
		61E106D51E69D657002C6836 /* FlickrAPIConstants.swift */ = {isa = PBXFileReference; fileEncoding = 4; lastKnownFileType = sourcecode.swift; path = FlickrAPIConstants.swift; sourceTree = "<group>"; };
		61E106D71E69D6E8002C6836 /* ServiceGetPhotosByUser.swift */ = {isa = PBXFileReference; fileEncoding = 4; lastKnownFileType = sourcecode.swift; path = ServiceGetPhotosByUser.swift; sourceTree = "<group>"; };
		61E106D91E69DCA3002C6836 /* UserPhotoObject.swift */ = {isa = PBXFileReference; fileEncoding = 4; lastKnownFileType = sourcecode.swift; path = UserPhotoObject.swift; sourceTree = "<group>"; };
		61E106DD1E69DF79002C6836 /* PhotoObject.swift */ = {isa = PBXFileReference; fileEncoding = 4; lastKnownFileType = sourcecode.swift; path = PhotoObject.swift; sourceTree = "<group>"; };
/* End PBXFileReference section */

/* Begin PBXFrameworksBuildPhase section */
		61E106B11E69C5F2002C6836 /* Frameworks */ = {
			isa = PBXFrameworksBuildPhase;
			buildActionMask = 2147483647;
			files = (
			);
			runOnlyForDeploymentPostprocessing = 0;
		};
/* End PBXFrameworksBuildPhase section */

/* Begin PBXGroup section */
		61271C0E1E6B238A00781C6A /* Parsers */ = {
			isa = PBXGroup;
			children = (
				61271C0F1E6B23B100781C6A /* FlickrServiceParsers.swift */,
			);
			name = Parsers;
			sourceTree = "<group>";
		};
		61E106AB1E69C5F2002C6836 = {
			isa = PBXGroup;
			children = (
				61E106B61E69C5F2002C6836 /* MyFlickrApp */,
				61E106B51E69C5F2002C6836 /* Products */,
			);
			sourceTree = "<group>";
		};
		61E106B51E69C5F2002C6836 /* Products */ = {
			isa = PBXGroup;
			children = (
				61E106B41E69C5F2002C6836 /* MyFlickrApp.app */,
			);
			name = Products;
			sourceTree = "<group>";
		};
		61E106B61E69C5F2002C6836 /* MyFlickrApp */ = {
			isa = PBXGroup;
			children = (
				61E106CB1E69C796002C6836 /* Models */,
				61E106CE1E69C89D002C6836 /* Views */,
				61E106CA1E69C791002C6836 /* Controllers */,
				61E106CD1E69C88E002C6836 /* Utils */,
				61E106CC1E69C851002C6836 /* Stores */,
				61E106CF1E69CEF5002C6836 /* Assets */,
				61E106B71E69C5F2002C6836 /* AppDelegate.swift */,
				61E106C01E69C5F3002C6836 /* LaunchScreen.storyboard */,
				61E106C31E69C5F3002C6836 /* Info.plist */,
			);
			path = MyFlickrApp;
			sourceTree = "<group>";
		};
		61E106CA1E69C791002C6836 /* Controllers */ = {
			isa = PBXGroup;
			children = (
				61E106B91E69C5F2002C6836 /* ViewController.swift */,
			);
			name = Controllers;
			sourceTree = "<group>";
		};
		61E106CB1E69C796002C6836 /* Models */ = {
			isa = PBXGroup;
			children = (
				61E106D91E69DCA3002C6836 /* UserPhotoObject.swift */,
				61E106DD1E69DF79002C6836 /* PhotoObject.swift */,
			);
			name = Models;
			sourceTree = "<group>";
		};
		61E106CC1E69C851002C6836 /* Stores */ = {
			isa = PBXGroup;
			children = (
			);
			name = Stores;
			sourceTree = "<group>";
		};
		61E106CD1E69C88E002C6836 /* Utils */ = {
			isa = PBXGroup;
			children = (
				61271C0E1E6B238A00781C6A /* Parsers */,
				61E106D41E69D642002C6836 /* Constants */,
				61E106D11E69CF69002C6836 /* Services */,
				61271C111E6B254A00781C6A /* NotificationManager.swift */,
				61271C131E6B318000781C6A /* ErrorHandling.swift */,
				61271C171E6B52B600781C6A /* TableViewDataManager.swift */,
			);
			name = Utils;
			sourceTree = "<group>";
		};
		61E106CE1E69C89D002C6836 /* Views */ = {
			isa = PBXGroup;
			children = (
				61E106BB1E69C5F2002C6836 /* Main.storyboard */,
			);
			name = Views;
			sourceTree = "<group>";
		};
		61E106CF1E69CEF5002C6836 /* Assets */ = {
			isa = PBXGroup;
			children = (
				61E106BE1E69C5F3002C6836 /* Assets.xcassets */,
			);
			name = Assets;
			sourceTree = "<group>";
		};
		61E106D11E69CF69002C6836 /* Services */ = {
			isa = PBXGroup;
			children = (
				61E106D71E69D6E8002C6836 /* ServiceGetPhotosByUser.swift */,
				61271C151E6B393300781C6A /* ServiceGetPhotoById.swift */,
			);
			name = Services;
			sourceTree = "<group>";
		};
		61E106D41E69D642002C6836 /* Constants */ = {
			isa = PBXGroup;
			children = (
				61E106D51E69D657002C6836 /* FlickrAPIConstants.swift */,
			);
			name = Constants;
			sourceTree = "<group>";
		};
/* End PBXGroup section */

/* Begin PBXNativeTarget section */
		61E106B31E69C5F2002C6836 /* MyFlickrApp */ = {
			isa = PBXNativeTarget;
			buildConfigurationList = 61E106C61E69C5F3002C6836 /* Build configuration list for PBXNativeTarget "MyFlickrApp" */;
			buildPhases = (
				61E106B01E69C5F2002C6836 /* Sources */,
				61E106B11E69C5F2002C6836 /* Frameworks */,
				61E106B21E69C5F2002C6836 /* Resources */,
			);
			buildRules = (
			);
			dependencies = (
			);
			name = MyFlickrApp;
			productName = MyFlickrApp;
			productReference = 61E106B41E69C5F2002C6836 /* MyFlickrApp.app */;
			productType = "com.apple.product-type.application";
		};
/* End PBXNativeTarget section */

/* Begin PBXProject section */
		61E106AC1E69C5F2002C6836 /* Project object */ = {
			isa = PBXProject;
			attributes = {
				LastSwiftUpdateCheck = 0820;
				LastUpgradeCheck = 0820;
				ORGANIZATIONNAME = "Manuel Mouta";
				TargetAttributes = {
					61E106B31E69C5F2002C6836 = {
						CreatedOnToolsVersion = 8.2.1;
						ProvisioningStyle = Automatic;
					};
				};
			};
			buildConfigurationList = 61E106AF1E69C5F2002C6836 /* Build configuration list for PBXProject "MyFlickrApp" */;
			compatibilityVersion = "Xcode 3.2";
			developmentRegion = English;
			hasScannedForEncodings = 0;
			knownRegions = (
				en,
				Base,
			);
			mainGroup = 61E106AB1E69C5F2002C6836;
			productRefGroup = 61E106B51E69C5F2002C6836 /* Products */;
			projectDirPath = "";
			projectRoot = "";
			targets = (
				61E106B31E69C5F2002C6836 /* MyFlickrApp */,
			);
		};
/* End PBXProject section */

/* Begin PBXResourcesBuildPhase section */
		61E106B21E69C5F2002C6836 /* Resources */ = {
			isa = PBXResourcesBuildPhase;
			buildActionMask = 2147483647;
			files = (
				61E106C21E69C5F3002C6836 /* LaunchScreen.storyboard in Resources */,
				61E106BF1E69C5F3002C6836 /* Assets.xcassets in Resources */,
				61E106BD1E69C5F2002C6836 /* Main.storyboard in Resources */,
			);
			runOnlyForDeploymentPostprocessing = 0;
		};
/* End PBXResourcesBuildPhase section */

/* Begin PBXSourcesBuildPhase section */
		61E106B01E69C5F2002C6836 /* Sources */ = {
			isa = PBXSourcesBuildPhase;
			buildActionMask = 2147483647;
			files = (
				61271C141E6B318000781C6A /* ErrorHandling.swift in Sources */,
				61E106DE1E69DF79002C6836 /* PhotoObject.swift in Sources */,
				61E106DA1E69DCA3002C6836 /* UserPhotoObject.swift in Sources */,
				61271C101E6B23B100781C6A /* FlickrServiceParsers.swift in Sources */,
				61E106BA1E69C5F2002C6836 /* ViewController.swift in Sources */,
				61E106B81E69C5F2002C6836 /* AppDelegate.swift in Sources */,
				61E106D61E69D657002C6836 /* FlickrAPIConstants.swift in Sources */,
				61271C121E6B254A00781C6A /* NotificationManager.swift in Sources */,
				61E106D81E69D6E8002C6836 /* ServiceGetPhotosByUser.swift in Sources */,
				61271C161E6B393300781C6A /* ServiceGetPhotoById.swift in Sources */,
				61271C181E6B52B600781C6A /* TableViewDataManager.swift in Sources */,
			);
			runOnlyForDeploymentPostprocessing = 0;
		};
/* End PBXSourcesBuildPhase section */

/* Begin PBXVariantGroup section */
		61E106BB1E69C5F2002C6836 /* Main.storyboard */ = {
			isa = PBXVariantGroup;
			children = (
				61E106BC1E69C5F2002C6836 /* Base */,
			);
			name = Main.storyboard;
			sourceTree = "<group>";
		};
		61E106C01E69C5F3002C6836 /* LaunchScreen.storyboard */ = {
			isa = PBXVariantGroup;
			children = (
				61E106C11E69C5F3002C6836 /* Base */,
			);
			name = LaunchScreen.storyboard;
			sourceTree = "<group>";
		};
/* End PBXVariantGroup section */

/* Begin XCBuildConfiguration section */
		61E106C41E69C5F3002C6836 /* Debug */ = {
			isa = XCBuildConfiguration;
			buildSettings = {
				ALWAYS_SEARCH_USER_PATHS = NO;
				CLANG_ANALYZER_NONNULL = YES;
				CLANG_CXX_LANGUAGE_STANDARD = "gnu++0x";
				CLANG_CXX_LIBRARY = "libc++";
				CLANG_ENABLE_MODULES = YES;
				CLANG_ENABLE_OBJC_ARC = YES;
				CLANG_WARN_BOOL_CONVERSION = YES;
				CLANG_WARN_CONSTANT_CONVERSION = YES;
				CLANG_WARN_DIRECT_OBJC_ISA_USAGE = YES_ERROR;
				CLANG_WARN_DOCUMENTATION_COMMENTS = YES;
				CLANG_WARN_EMPTY_BODY = YES;
				CLANG_WARN_ENUM_CONVERSION = YES;
				CLANG_WARN_INFINITE_RECURSION = YES;
				CLANG_WARN_INT_CONVERSION = YES;
				CLANG_WARN_OBJC_ROOT_CLASS = YES_ERROR;
				CLANG_WARN_SUSPICIOUS_MOVE = YES;
				CLANG_WARN_UNREACHABLE_CODE = YES;
				CLANG_WARN__DUPLICATE_METHOD_MATCH = YES;
				"CODE_SIGN_IDENTITY[sdk=iphoneos*]" = "iPhone Developer";
				COPY_PHASE_STRIP = NO;
				DEBUG_INFORMATION_FORMAT = dwarf;
				ENABLE_STRICT_OBJC_MSGSEND = YES;
				ENABLE_TESTABILITY = YES;
				GCC_C_LANGUAGE_STANDARD = gnu99;
				GCC_DYNAMIC_NO_PIC = NO;
				GCC_NO_COMMON_BLOCKS = YES;
				GCC_OPTIMIZATION_LEVEL = 0;
				GCC_PREPROCESSOR_DEFINITIONS = (
					"DEBUG=1",
					"$(inherited)",
				);
				GCC_WARN_64_TO_32_BIT_CONVERSION = YES;
				GCC_WARN_ABOUT_RETURN_TYPE = YES_ERROR;
				GCC_WARN_UNDECLARED_SELECTOR = YES;
				GCC_WARN_UNINITIALIZED_AUTOS = YES_AGGRESSIVE;
				GCC_WARN_UNUSED_FUNCTION = YES;
				GCC_WARN_UNUSED_VARIABLE = YES;
				IPHONEOS_DEPLOYMENT_TARGET = 10.2;
				MTL_ENABLE_DEBUG_INFO = YES;
				ONLY_ACTIVE_ARCH = YES;
				SDKROOT = iphoneos;
				SWIFT_ACTIVE_COMPILATION_CONDITIONS = DEBUG;
				SWIFT_OPTIMIZATION_LEVEL = "-Onone";
			};
			name = Debug;
		};
		61E106C51E69C5F3002C6836 /* Release */ = {
			isa = XCBuildConfiguration;
			buildSettings = {
				ALWAYS_SEARCH_USER_PATHS = NO;
				CLANG_ANALYZER_NONNULL = YES;
				CLANG_CXX_LANGUAGE_STANDARD = "gnu++0x";
				CLANG_CXX_LIBRARY = "libc++";
				CLANG_ENABLE_MODULES = YES;
				CLANG_ENABLE_OBJC_ARC = YES;
				CLANG_WARN_BOOL_CONVERSION = YES;
				CLANG_WARN_CONSTANT_CONVERSION = YES;
				CLANG_WARN_DIRECT_OBJC_ISA_USAGE = YES_ERROR;
				CLANG_WARN_DOCUMENTATION_COMMENTS = YES;
				CLANG_WARN_EMPTY_BODY = YES;
				CLANG_WARN_ENUM_CONVERSION = YES;
				CLANG_WARN_INFINITE_RECURSION = YES;
				CLANG_WARN_INT_CONVERSION = YES;
				CLANG_WARN_OBJC_ROOT_CLASS = YES_ERROR;
				CLANG_WARN_SUSPICIOUS_MOVE = YES;
				CLANG_WARN_UNREACHABLE_CODE = YES;
				CLANG_WARN__DUPLICATE_METHOD_MATCH = YES;
				"CODE_SIGN_IDENTITY[sdk=iphoneos*]" = "iPhone Developer";
				COPY_PHASE_STRIP = NO;
				DEBUG_INFORMATION_FORMAT = "dwarf-with-dsym";
				ENABLE_NS_ASSERTIONS = NO;
				ENABLE_STRICT_OBJC_MSGSEND = YES;
				GCC_C_LANGUAGE_STANDARD = gnu99;
				GCC_NO_COMMON_BLOCKS = YES;
				GCC_WARN_64_TO_32_BIT_CONVERSION = YES;
				GCC_WARN_ABOUT_RETURN_TYPE = YES_ERROR;
				GCC_WARN_UNDECLARED_SELECTOR = YES;
				GCC_WARN_UNINITIALIZED_AUTOS = YES_AGGRESSIVE;
				GCC_WARN_UNUSED_FUNCTION = YES;
				GCC_WARN_UNUSED_VARIABLE = YES;
				IPHONEOS_DEPLOYMENT_TARGET = 10.2;
				MTL_ENABLE_DEBUG_INFO = NO;
				SDKROOT = iphoneos;
				SWIFT_OPTIMIZATION_LEVEL = "-Owholemodule";
				VALIDATE_PRODUCT = YES;
			};
			name = Release;
		};
		61E106C71E69C5F3002C6836 /* Debug */ = {
			isa = XCBuildConfiguration;
			buildSettings = {
				ASSETCATALOG_COMPILER_APPICON_NAME = AppIcon;
				INFOPLIST_FILE = MyFlickrApp/Info.plist;
				LD_RUNPATH_SEARCH_PATHS = "$(inherited) @executable_path/Frameworks";
				PRODUCT_BUNDLE_IDENTIFIER = manuelmouta.MyFlickrApp;
				PRODUCT_NAME = "$(TARGET_NAME)";
				SWIFT_VERSION = 3.0;
			};
			name = Debug;
		};
		61E106C81E69C5F3002C6836 /* Release */ = {
			isa = XCBuildConfiguration;
			buildSettings = {
				ASSETCATALOG_COMPILER_APPICON_NAME = AppIcon;
				INFOPLIST_FILE = MyFlickrApp/Info.plist;
				LD_RUNPATH_SEARCH_PATHS = "$(inherited) @executable_path/Frameworks";
				PRODUCT_BUNDLE_IDENTIFIER = manuelmouta.MyFlickrApp;
				PRODUCT_NAME = "$(TARGET_NAME)";
				SWIFT_VERSION = 3.0;
			};
			name = Release;
		};
/* End XCBuildConfiguration section */

/* Begin XCConfigurationList section */
		61E106AF1E69C5F2002C6836 /* Build configuration list for PBXProject "MyFlickrApp" */ = {
			isa = XCConfigurationList;
			buildConfigurations = (
				61E106C41E69C5F3002C6836 /* Debug */,
				61E106C51E69C5F3002C6836 /* Release */,
			);
			defaultConfigurationIsVisible = 0;
			defaultConfigurationName = Release;
		};
		61E106C61E69C5F3002C6836 /* Build configuration list for PBXNativeTarget "MyFlickrApp" */ = {
			isa = XCConfigurationList;
			buildConfigurations = (
				61E106C71E69C5F3002C6836 /* Debug */,
				61E106C81E69C5F3002C6836 /* Release */,
			);
			defaultConfigurationIsVisible = 0;
			defaultConfigurationName = Release;
		};
/* End XCConfigurationList section */
	};
	rootObject = 61E106AC1E69C5F2002C6836 /* Project object */;
}
